{
  "pins" : [
    {
      "identity" : "stepperview",
      "kind" : "remoteSourceControl",
      "location" : "https://github.com/badrinathvm/StepperView.git",
      "state" : {
        "revision" : "c66fb84c640fbc312f4eead0b7ae2a77f93e0839",
        "version" : "1.6.7"
      }
    }
  ],
  "version" : 2
}
