// !$*UTF8*$!
{
	archiveVersion = 1;
	classes = {
	};
	objectVersion = 56;
	objects = {

/* Begin PBXBuildFile section */
		0B0EBFDF2930F8BA0059B273 /* LevelMap.swift in Sources */ = {isa = PBXBuildFile; fileRef = 0B0EBFDE2930F8BA0059B273 /* LevelMap.swift */; };
		0B0EBFE12930F8C70059B273 /* LevelView.swift in Sources */ = {isa = PBXBuildFile; fileRef = 0B0EBFE02930F8C70059B273 /* LevelView.swift */; };
		0B0EBFE3293104A40059B273 /* DateHelper.swift in Sources */ = {isa = PBXBuildFile; fileRef = 0B0EBFE2293104A40059B273 /* DateHelper.swift */; };
		0B0EBFE6293109210059B273 /* TodayChallengeSheet.swift in Sources */ = {isa = PBXBuildFile; fileRef = 0B0EBFE5293109210059B273 /* TodayChallengeSheet.swift */; };
		0B0EBFEB293631020059B273 /* ReferenceImage.swift in Sources */ = {isa = PBXBuildFile; fileRef = 0B0EBFEA293631020059B273 /* ReferenceImage.swift */; };
		0B0EBFEE29364A9C0059B273 /* CustomButton.swift in Sources */ = {isa = PBXBuildFile; fileRef = 0B0EBFED29364A9C0059B273 /* CustomButton.swift */; };
		0B0EBFF129364E920059B273 /* ImagePicker.swift in Sources */ = {isa = PBXBuildFile; fileRef = 0B0EBFF029364E920059B273 /* ImagePicker.swift */; };
		0B0EBFF4293790C70059B273 /* Introspect in Frameworks */ = {isa = PBXBuildFile; productRef = 0B0EBFF3293790C70059B273 /* Introspect */; };
		0B0EBFF52937A41A0059B273 /* Eri Serif.ttf in Resources */ = {isa = PBXBuildFile; fileRef = D91D8B46292FAF74000B1379 /* Eri Serif.ttf */; };
		0B0EBFF62937A41D0059B273 /* Gemini Moon.otf in Resources */ = {isa = PBXBuildFile; fileRef = 0D8F56BC2930E8F9005C1672 /* Gemini Moon.otf */; };
		0B0EC0022938E4410059B273 /* Assets.xcassets in Resources */ = {isa = PBXBuildFile; fileRef = 0B0EC0012938E4410059B273 /* Assets.xcassets */; };
		0D8F56C02930E9D0005C1672 /* CanvasView.swift in Sources */ = {isa = PBXBuildFile; fileRef = 0D8F56BF2930E9D0005C1672 /* CanvasView.swift */; };
		0D8F56C22930E9FC005C1672 /* DrawView.swift in Sources */ = {isa = PBXBuildFile; fileRef = 0D8F56C12930E9FC005C1672 /* DrawView.swift */; };
		0D8F56C42930FFB0005C1672 /* Colors.swift in Sources */ = {isa = PBXBuildFile; fileRef = 0D8F56C32930FFB0005C1672 /* Colors.swift */; };
		0D8F56C7293629F5005C1672 /* ShareButton.swift in Sources */ = {isa = PBXBuildFile; fileRef = 0D8F56C6293629F5005C1672 /* ShareButton.swift */; };
		D63ADF7B2930FD1F000CCE19 /* CloudKitCrud.swift in Sources */ = {isa = PBXBuildFile; fileRef = D63ADF7A2930FD1F000CCE19 /* CloudKitCrud.swift */; };
		D63ADF7D2930FD2D000CCE19 /* CloudKitUser.swift in Sources */ = {isa = PBXBuildFile; fileRef = D63ADF7C2930FD2D000CCE19 /* CloudKitUser.swift */; };
		D6538AEB29265952006DCBA7 /* DailyDoodleApp.swift in Sources */ = {isa = PBXBuildFile; fileRef = D6538AEA29265952006DCBA7 /* DailyDoodleApp.swift */; };
		D6538AED29265952006DCBA7 /* ContentView.swift in Sources */ = {isa = PBXBuildFile; fileRef = D6538AEC29265952006DCBA7 /* ContentView.swift */; };
		D6A3F7062932827300AC5331 /* BookModel.swift in Sources */ = {isa = PBXBuildFile; fileRef = D6A3F7052932827300AC5331 /* BookModel.swift */; };
		D6A3F7072932860E00AC5331 /* Gemini Moon.otf in Resources */ = {isa = PBXBuildFile; fileRef = 0D8F56BC2930E8F9005C1672 /* Gemini Moon.otf */; };
		D6A3F70B2932916900AC5331 /* InfiniteCarrousel.swift in Sources */ = {isa = PBXBuildFile; fileRef = D6A3F70A2932916900AC5331 /* InfiniteCarrousel.swift */; };
		D6A3F70D293291B000AC5331 /* GeminiTitle.swift in Sources */ = {isa = PBXBuildFile; fileRef = D6A3F70C293291B000AC5331 /* GeminiTitle.swift */; };
		D6A3F718293296EE00AC5331 /* IsometricView.swift in Sources */ = {isa = PBXBuildFile; fileRef = D6A3F717293296EE00AC5331 /* IsometricView.swift */; };
		D6A3F71E2932A12600AC5331 /* GalleryView.swift in Sources */ = {isa = PBXBuildFile; fileRef = D6A3F71D2932A12600AC5331 /* GalleryView.swift */; };
		D6B9193E2936479C0082233E /* Eri Serif.ttf in Resources */ = {isa = PBXBuildFile; fileRef = D91D8B46292FAF74000B1379 /* Eri Serif.ttf */; };
		D6B9194029364DD60082233E /* GalleryDetailView.swift in Sources */ = {isa = PBXBuildFile; fileRef = D6B9193F29364DD60082233E /* GalleryDetailView.swift */; };
		D6E0355B2937A3780061C6AE /* ImageFull.swift in Sources */ = {isa = PBXBuildFile; fileRef = D6E0355A2937A3780061C6AE /* ImageFull.swift */; };
		D6E0355D2937A5300061C6AE /* ZoomableScrollView.swift in Sources */ = {isa = PBXBuildFile; fileRef = D6E0355C2937A5300061C6AE /* ZoomableScrollView.swift */; };
		D6E0355F2937A5490061C6AE /* FullPictureView.swift in Sources */ = {isa = PBXBuildFile; fileRef = D6E0355E2937A5490061C6AE /* FullPictureView.swift */; };
		D91D8B4B292FB0CA000B1379 /* FontsManager.swift in Sources */ = {isa = PBXBuildFile; fileRef = D91D8B4A292FB0CA000B1379 /* FontsManager.swift */; };
		D97936272930E7570062BCE1 /* UserController.swift in Sources */ = {isa = PBXBuildFile; fileRef = D97936262930E7570062BCE1 /* UserController.swift */; };
		D97936292930E7610062BCE1 /* Protocol.swift in Sources */ = {isa = PBXBuildFile; fileRef = D97936282930E7610062BCE1 /* Protocol.swift */; };
		D979362F2931282E0062BCE1 /* OtherButton.swift in Sources */ = {isa = PBXBuildFile; fileRef = D979362E2931282E0062BCE1 /* OtherButton.swift */; };
		D979363129312ACB0062BCE1 /* SaveButton.swift in Sources */ = {isa = PBXBuildFile; fileRef = D979363029312ACB0062BCE1 /* SaveButton.swift */; };
		D97C4A4E292E3CEE00192923 /* MapView.swift in Sources */ = {isa = PBXBuildFile; fileRef = D97C4A4D292E3CEE00192923 /* MapView.swift */; };
		D97C4A50292E3CFA00192923 /* MapViewController.swift in Sources */ = {isa = PBXBuildFile; fileRef = D97C4A4F292E3CFA00192923 /* MapViewController.swift */; };
		D97C4A52292E3D0B00192923 /* UserView.swift in Sources */ = {isa = PBXBuildFile; fileRef = D97C4A51292E3D0B00192923 /* UserView.swift */; };
		D97C4A54292E3D1800192923 /* UserViewController.swift in Sources */ = {isa = PBXBuildFile; fileRef = D97C4A53292E3D1800192923 /* UserViewController.swift */; };
		D97C4A5A292E3DF000192923 /* TabBarView.swift in Sources */ = {isa = PBXBuildFile; fileRef = D97C4A59292E3DF000192923 /* TabBarView.swift */; };
		D97C4A5C292E3E0400192923 /* CustomShape.swift in Sources */ = {isa = PBXBuildFile; fileRef = D97C4A5B292E3E0400192923 /* CustomShape.swift */; };
		D9A172F82932DB73000B3DFF /* UndoButton.swift in Sources */ = {isa = PBXBuildFile; fileRef = D9A172F72932DB73000B3DFF /* UndoButton.swift */; };
		D9A172FA2932DBE9000B3DFF /* CloseButton.swift in Sources */ = {isa = PBXBuildFile; fileRef = D9A172F92932DBE9000B3DFF /* CloseButton.swift */; };
/* End PBXBuildFile section */

/* Begin PBXFileReference section */
		0B0EBFDE2930F8BA0059B273 /* LevelMap.swift */ = {isa = PBXFileReference; lastKnownFileType = sourcecode.swift; path = LevelMap.swift; sourceTree = "<group>"; };
		0B0EBFE02930F8C70059B273 /* LevelView.swift */ = {isa = PBXFileReference; lastKnownFileType = sourcecode.swift; path = LevelView.swift; sourceTree = "<group>"; };
		0B0EBFE2293104A40059B273 /* DateHelper.swift */ = {isa = PBXFileReference; lastKnownFileType = sourcecode.swift; name = DateHelper.swift; path = DailyDoodle/Components/LevelMap/DateHelper.swift; sourceTree = SOURCE_ROOT; };
		0B0EBFE5293109210059B273 /* TodayChallengeSheet.swift */ = {isa = PBXFileReference; lastKnownFileType = sourcecode.swift; path = TodayChallengeSheet.swift; sourceTree = "<group>"; };
		0B0EBFEA293631020059B273 /* ReferenceImage.swift */ = {isa = PBXFileReference; lastKnownFileType = sourcecode.swift; path = ReferenceImage.swift; sourceTree = "<group>"; };
		0B0EBFED29364A9C0059B273 /* CustomButton.swift */ = {isa = PBXFileReference; lastKnownFileType = sourcecode.swift; path = CustomButton.swift; sourceTree = "<group>"; };
		0B0EBFF029364E920059B273 /* ImagePicker.swift */ = {isa = PBXFileReference; lastKnownFileType = sourcecode.swift; path = ImagePicker.swift; sourceTree = "<group>"; };
		0B0EC0012938E4410059B273 /* Assets.xcassets */ = {isa = PBXFileReference; lastKnownFileType = folder.assetcatalog; path = Assets.xcassets; sourceTree = "<group>"; };
		0D8F56BC2930E8F9005C1672 /* Gemini Moon.otf */ = {isa = PBXFileReference; lastKnownFileType = file; path = "Gemini Moon.otf"; sourceTree = "<group>"; };
		0D8F56BF2930E9D0005C1672 /* CanvasView.swift */ = {isa = PBXFileReference; lastKnownFileType = sourcecode.swift; path = CanvasView.swift; sourceTree = "<group>"; };
		0D8F56C12930E9FC005C1672 /* DrawView.swift */ = {isa = PBXFileReference; lastKnownFileType = sourcecode.swift; path = DrawView.swift; sourceTree = "<group>"; };
		0D8F56C32930FFB0005C1672 /* Colors.swift */ = {isa = PBXFileReference; lastKnownFileType = sourcecode.swift; path = Colors.swift; sourceTree = "<group>"; };
		0D8F56C6293629F5005C1672 /* ShareButton.swift */ = {isa = PBXFileReference; lastKnownFileType = sourcecode.swift; path = ShareButton.swift; sourceTree = "<group>"; };
		D63ADF7A2930FD1F000CCE19 /* CloudKitCrud.swift */ = {isa = PBXFileReference; lastKnownFileType = sourcecode.swift; path = CloudKitCrud.swift; sourceTree = "<group>"; };
		D63ADF7C2930FD2D000CCE19 /* CloudKitUser.swift */ = {isa = PBXFileReference; lastKnownFileType = sourcecode.swift; path = CloudKitUser.swift; sourceTree = "<group>"; };
		D63ADF7E2930FED6000CCE19 /* DailyDoodle.entitlements */ = {isa = PBXFileReference; lastKnownFileType = text.plist.entitlements; path = DailyDoodle.entitlements; sourceTree = "<group>"; };
		D6538AE729265952006DCBA7 /* DailyDoodle.app */ = {isa = PBXFileReference; explicitFileType = wrapper.application; includeInIndex = 0; path = DailyDoodle.app; sourceTree = BUILT_PRODUCTS_DIR; };
		D6538AEA29265952006DCBA7 /* DailyDoodleApp.swift */ = {isa = PBXFileReference; lastKnownFileType = sourcecode.swift; path = DailyDoodleApp.swift; sourceTree = "<group>"; };
		D6538AEC29265952006DCBA7 /* ContentView.swift */ = {isa = PBXFileReference; lastKnownFileType = sourcecode.swift; path = ContentView.swift; sourceTree = "<group>"; };
		D6A3F7052932827300AC5331 /* BookModel.swift */ = {isa = PBXFileReference; lastKnownFileType = sourcecode.swift; path = BookModel.swift; sourceTree = "<group>"; };
		D6A3F70A2932916900AC5331 /* InfiniteCarrousel.swift */ = {isa = PBXFileReference; lastKnownFileType = sourcecode.swift; path = InfiniteCarrousel.swift; sourceTree = "<group>"; };
		D6A3F70C293291B000AC5331 /* GeminiTitle.swift */ = {isa = PBXFileReference; lastKnownFileType = sourcecode.swift; path = GeminiTitle.swift; sourceTree = "<group>"; };
		D6A3F717293296EE00AC5331 /* IsometricView.swift */ = {isa = PBXFileReference; lastKnownFileType = sourcecode.swift; path = IsometricView.swift; sourceTree = "<group>"; };
		D6A3F71D2932A12600AC5331 /* GalleryView.swift */ = {isa = PBXFileReference; lastKnownFileType = sourcecode.swift; path = GalleryView.swift; sourceTree = "<group>"; };
		D6B9193F29364DD60082233E /* GalleryDetailView.swift */ = {isa = PBXFileReference; lastKnownFileType = sourcecode.swift; path = GalleryDetailView.swift; sourceTree = "<group>"; };
		D6E0355A2937A3780061C6AE /* ImageFull.swift */ = {isa = PBXFileReference; lastKnownFileType = sourcecode.swift; path = ImageFull.swift; sourceTree = "<group>"; };
		D6E0355C2937A5300061C6AE /* ZoomableScrollView.swift */ = {isa = PBXFileReference; lastKnownFileType = sourcecode.swift; path = ZoomableScrollView.swift; sourceTree = "<group>"; };
		D6E0355E2937A5490061C6AE /* FullPictureView.swift */ = {isa = PBXFileReference; lastKnownFileType = sourcecode.swift; path = FullPictureView.swift; sourceTree = "<group>"; };
		D91D8B46292FAF74000B1379 /* Eri Serif.ttf */ = {isa = PBXFileReference; lastKnownFileType = file; path = "Eri Serif.ttf"; sourceTree = "<group>"; };
		D91D8B47292FAFED000B1379 /* Info.plist */ = {isa = PBXFileReference; lastKnownFileType = text.plist; path = Info.plist; sourceTree = "<group>"; };
		D91D8B4A292FB0CA000B1379 /* FontsManager.swift */ = {isa = PBXFileReference; lastKnownFileType = sourcecode.swift; path = FontsManager.swift; sourceTree = "<group>"; };
		D97936262930E7570062BCE1 /* UserController.swift */ = {isa = PBXFileReference; lastKnownFileType = sourcecode.swift; path = UserController.swift; sourceTree = "<group>"; };
		D97936282930E7610062BCE1 /* Protocol.swift */ = {isa = PBXFileReference; lastKnownFileType = sourcecode.swift; path = Protocol.swift; sourceTree = "<group>"; };
		D979362E2931282E0062BCE1 /* OtherButton.swift */ = {isa = PBXFileReference; lastKnownFileType = sourcecode.swift; path = OtherButton.swift; sourceTree = "<group>"; };
		D979363029312ACB0062BCE1 /* SaveButton.swift */ = {isa = PBXFileReference; lastKnownFileType = sourcecode.swift; path = SaveButton.swift; sourceTree = "<group>"; };
		D97C4A49292E3CC900192923 /* GalleryView.swift */ = {isa = PBXFileReference; lastKnownFileType = sourcecode.swift; path = GalleryView.swift; sourceTree = "<group>"; };
		D97C4A4B292E3CD700192923 /* GalleryViewController.swift */ = {isa = PBXFileReference; lastKnownFileType = sourcecode.swift; path = GalleryViewController.swift; sourceTree = "<group>"; };
		D97C4A4D292E3CEE00192923 /* MapView.swift */ = {isa = PBXFileReference; lastKnownFileType = sourcecode.swift; path = MapView.swift; sourceTree = "<group>"; };
		D97C4A4F292E3CFA00192923 /* MapViewController.swift */ = {isa = PBXFileReference; lastKnownFileType = sourcecode.swift; path = MapViewController.swift; sourceTree = "<group>"; };
		D97C4A51292E3D0B00192923 /* UserView.swift */ = {isa = PBXFileReference; lastKnownFileType = sourcecode.swift; path = UserView.swift; sourceTree = "<group>"; };
		D97C4A53292E3D1800192923 /* UserViewController.swift */ = {isa = PBXFileReference; lastKnownFileType = sourcecode.swift; path = UserViewController.swift; sourceTree = "<group>"; };
		D97C4A59292E3DF000192923 /* TabBarView.swift */ = {isa = PBXFileReference; lastKnownFileType = sourcecode.swift; path = TabBarView.swift; sourceTree = "<group>"; };
		D97C4A5B292E3E0400192923 /* CustomShape.swift */ = {isa = PBXFileReference; lastKnownFileType = sourcecode.swift; path = CustomShape.swift; sourceTree = "<group>"; };
		D9A172F72932DB73000B3DFF /* UndoButton.swift */ = {isa = PBXFileReference; lastKnownFileType = sourcecode.swift; path = UndoButton.swift; sourceTree = "<group>"; };
		D9A172F92932DBE9000B3DFF /* CloseButton.swift */ = {isa = PBXFileReference; lastKnownFileType = sourcecode.swift; path = CloseButton.swift; sourceTree = "<group>"; };
/* End PBXFileReference section */

/* Begin PBXFrameworksBuildPhase section */
		D6538AE429265952006DCBA7 /* Frameworks */ = {
			isa = PBXFrameworksBuildPhase;
			buildActionMask = 2147483647;
			files = (
				0B0EBFF4293790C70059B273 /* Introspect in Frameworks */,
			);
			runOnlyForDeploymentPostprocessing = 0;
		};
/* End PBXFrameworksBuildPhase section */

/* Begin PBXGroup section */
		0B0EBFDD2930F8A00059B273 /* LevelMap */ = {
			isa = PBXGroup;
			children = (
				0B0EBFDE2930F8BA0059B273 /* LevelMap.swift */,
				0B0EBFE02930F8C70059B273 /* LevelView.swift */,
			);
			path = LevelMap;
			sourceTree = "<group>";
		};
		0B0EBFE4293108FD0059B273 /* TodayChallengeSheet */ = {
			isa = PBXGroup;
			children = (
				0B0EBFE5293109210059B273 /* TodayChallengeSheet.swift */,
			);
			path = TodayChallengeSheet;
			sourceTree = "<group>";
		};
		0B0EBFE9293630EF0059B273 /* ReferenceImage */ = {
			isa = PBXGroup;
			children = (
				0B0EBFEA293631020059B273 /* ReferenceImage.swift */,
			);
			path = ReferenceImage;
			sourceTree = "<group>";
		};
		0B0EBFEC29364A880059B273 /* CustomButton */ = {
			isa = PBXGroup;
			children = (
				0B0EBFED29364A9C0059B273 /* CustomButton.swift */,
			);
			path = CustomButton;
			sourceTree = "<group>";
		};
		0B0EBFEF29364E750059B273 /* ImagePicker */ = {
			isa = PBXGroup;
			children = (
				0B0EBFF029364E920059B273 /* ImagePicker.swift */,
			);
			path = ImagePicker;
			sourceTree = "<group>";
		};
		0B0EC0032938E60E0059B273 /* Recovered References */ = {
			isa = PBXGroup;
			children = (
				D97C4A4B292E3CD700192923 /* GalleryViewController.swift */,
				D97C4A49292E3CC900192923 /* GalleryView.swift */,
			);
			name = "Recovered References";
			sourceTree = "<group>";
		};
		0D8F56BD2930E9B0005C1672 /* Draw */ = {
			isa = PBXGroup;
			children = (
				0D8F56BE2930E9C2005C1672 /* PencilKit */,
				D979362E2931282E0062BCE1 /* OtherButton.swift */,
				D979363029312ACB0062BCE1 /* SaveButton.swift */,
				D9A172F92932DBE9000B3DFF /* CloseButton.swift */,
			);
			path = Draw;
			sourceTree = "<group>";
		};
		0D8F56BE2930E9C2005C1672 /* PencilKit */ = {
			isa = PBXGroup;
			children = (
				0D8F56BF2930E9D0005C1672 /* CanvasView.swift */,
				0D8F56C12930E9FC005C1672 /* DrawView.swift */,
				D9A172F72932DB73000B3DFF /* UndoButton.swift */,
				0D8F56C6293629F5005C1672 /* ShareButton.swift */,
			);
			path = PencilKit;
			sourceTree = "<group>";
		};
		D63ADF792930FCF7000CCE19 /* iCloud */ = {
			isa = PBXGroup;
			children = (
				D63ADF7A2930FD1F000CCE19 /* CloudKitCrud.swift */,
				D63ADF7C2930FD2D000CCE19 /* CloudKitUser.swift */,
			);
			path = iCloud;
			sourceTree = "<group>";
		};
		D6538ADE29265952006DCBA7 = {
			isa = PBXGroup;
			children = (
				D6538AE929265952006DCBA7 /* DailyDoodle */,
				D6538AE829265952006DCBA7 /* Products */,
				0B0EC0032938E60E0059B273 /* Recovered References */,
			);
			sourceTree = "<group>";
		};
		D6538AE829265952006DCBA7 /* Products */ = {
			isa = PBXGroup;
			children = (
				D6538AE729265952006DCBA7 /* DailyDoodle.app */,
			);
			name = Products;
			sourceTree = "<group>";
		};
		D6538AE929265952006DCBA7 /* DailyDoodle */ = {
			isa = PBXGroup;
			children = (
				D63ADF7E2930FED6000CCE19 /* DailyDoodle.entitlements */,
				0B0EC0012938E4410059B273 /* Assets.xcassets */,
				D91D8B47292FAFED000B1379 /* Info.plist */,
				D97C4A43292E3C1900192923 /* Model */,
				D97C4A44292E3C2F00192923 /* View */,
				D97C4A45292E3C3400192923 /* Controller */,
				D97C4A46292E3C7B00192923 /* Protocols */,
				D97C4A47292E3C8F00192923 /* Utils */,
				D97C4A48292E3C9800192923 /* Components */,
				D6538AEA29265952006DCBA7 /* DailyDoodleApp.swift */,
				D6538AEC29265952006DCBA7 /* ContentView.swift */,
			);
			path = DailyDoodle;
			sourceTree = "<group>";
		};
		D6A3F70E293294DF00AC5331 /* BookAnimation */ = {
			isa = PBXGroup;
			children = (
				D6A3F717293296EE00AC5331 /* IsometricView.swift */,
			);
			path = BookAnimation;
			sourceTree = "<group>";
		};
		D91D8B49292FB0BD000B1379 /* Fonts */ = {
			isa = PBXGroup;
			children = (
				D91D8B4A292FB0CA000B1379 /* FontsManager.swift */,
				D91D8B46292FAF74000B1379 /* Eri Serif.ttf */,
				0D8F56BC2930E8F9005C1672 /* Gemini Moon.otf */,
				0D8F56C32930FFB0005C1672 /* Colors.swift */,
			);
			path = Fonts;
			sourceTree = "<group>";
		};
		D97C4A43292E3C1900192923 /* Model */ = {
			isa = PBXGroup;
			children = (
				D6A3F7052932827300AC5331 /* BookModel.swift */,
			);
			path = Model;
			sourceTree = "<group>";
		};
		D97C4A44292E3C2F00192923 /* View */ = {
			isa = PBXGroup;
			children = (
				0B0EBFEF29364E750059B273 /* ImagePicker */,
				0D8F56BD2930E9B0005C1672 /* Draw */,
				0B0EBFE4293108FD0059B273 /* TodayChallengeSheet */,
				D97C4A57292E3D4C00192923 /* User */,
				D97C4A56292E3D3900192923 /* Map */,
				D97C4A55292E3D2A00192923 /* Gallery */,
			);
			path = View;
			sourceTree = "<group>";
		};
		D97C4A45292E3C3400192923 /* Controller */ = {
			isa = PBXGroup;
			children = (
				D97936262930E7570062BCE1 /* UserController.swift */,
			);
			path = Controller;
			sourceTree = "<group>";
		};
		D97C4A46292E3C7B00192923 /* Protocols */ = {
			isa = PBXGroup;
			children = (
				D97936282930E7610062BCE1 /* Protocol.swift */,
			);
			path = Protocols;
			sourceTree = "<group>";
		};
		D97C4A47292E3C8F00192923 /* Utils */ = {
			isa = PBXGroup;
			children = (
				D63ADF792930FCF7000CCE19 /* iCloud */,
				D91D8B49292FB0BD000B1379 /* Fonts */,
				0B0EBFE2293104A40059B273 /* DateHelper.swift */,
			);
			path = Utils;
			sourceTree = "<group>";
		};
		D97C4A48292E3C9800192923 /* Components */ = {
			isa = PBXGroup;
			children = (
				0B0EBFEC29364A880059B273 /* CustomButton */,
				0B0EBFE9293630EF0059B273 /* ReferenceImage */,
				0B0EBFDD2930F8A00059B273 /* LevelMap */,
				D6A3F70E293294DF00AC5331 /* BookAnimation */,
				D97C4A58292E3DAB00192923 /* TabBar */,
				D6A3F70C293291B000AC5331 /* GeminiTitle.swift */,
				D6E0355C2937A5300061C6AE /* ZoomableScrollView.swift */,
				D6E0355E2937A5490061C6AE /* FullPictureView.swift */,
			);
			path = Components;
			sourceTree = "<group>";
		};
		D97C4A55292E3D2A00192923 /* Gallery */ = {
			isa = PBXGroup;
			children = (
				D6A3F71D2932A12600AC5331 /* GalleryView.swift */,
				D6B9193F29364DD60082233E /* GalleryDetailView.swift */,
				D6A3F70A2932916900AC5331 /* InfiniteCarrousel.swift */,
				D6E0355A2937A3780061C6AE /* ImageFull.swift */,
			);
			path = Gallery;
			sourceTree = "<group>";
		};
		D97C4A56292E3D3900192923 /* Map */ = {
			isa = PBXGroup;
			children = (
				D97C4A4D292E3CEE00192923 /* MapView.swift */,
				D97C4A4F292E3CFA00192923 /* MapViewController.swift */,
			);
			path = Map;
			sourceTree = "<group>";
		};
		D97C4A57292E3D4C00192923 /* User */ = {
			isa = PBXGroup;
			children = (
				D97C4A51292E3D0B00192923 /* UserView.swift */,
				D97C4A53292E3D1800192923 /* UserViewController.swift */,
			);
			path = User;
			sourceTree = "<group>";
		};
		D97C4A58292E3DAB00192923 /* TabBar */ = {
			isa = PBXGroup;
			children = (
				D97C4A59292E3DF000192923 /* TabBarView.swift */,
				D97C4A5B292E3E0400192923 /* CustomShape.swift */,
			);
			path = TabBar;
			sourceTree = "<group>";
		};
/* End PBXGroup section */

/* Begin PBXNativeTarget section */
		D6538AE629265952006DCBA7 /* DailyDoodle */ = {
			isa = PBXNativeTarget;
			buildConfigurationList = D6538AF529265954006DCBA7 /* Build configuration list for PBXNativeTarget "DailyDoodle" */;
			buildPhases = (
				D6538AE329265952006DCBA7 /* Sources */,
				D6538AE429265952006DCBA7 /* Frameworks */,
				D6538AE529265952006DCBA7 /* Resources */,
				D6538AF829265CBF006DCBA7 /* ShellScript */,
			);
			buildRules = (
			);
			dependencies = (
			);
			name = DailyDoodle;
			packageProductDependencies = (
				0B0EBFF3293790C70059B273 /* Introspect */,
			);
			productName = DailyDoodle;
			productReference = D6538AE729265952006DCBA7 /* DailyDoodle.app */;
			productType = "com.apple.product-type.application";
		};
/* End PBXNativeTarget section */

/* Begin PBXProject section */
		D6538ADF29265952006DCBA7 /* Project object */ = {
			isa = PBXProject;
			attributes = {
				BuildIndependentTargetsInParallel = 1;
				LastSwiftUpdateCheck = 1410;
				LastUpgradeCheck = 1410;
				TargetAttributes = {
					D6538AE629265952006DCBA7 = {
						CreatedOnToolsVersion = 14.1;
					};
				};
			};
			buildConfigurationList = D6538AE229265952006DCBA7 /* Build configuration list for PBXProject "DailyDoodle" */;
			compatibilityVersion = "Xcode 14.0";
			developmentRegion = en;
			hasScannedForEncodings = 0;
			knownRegions = (
				en,
				Base,
			);
			mainGroup = D6538ADE29265952006DCBA7;
			packageReferences = (
				0B0EBFF2293790C70059B273 /* XCRemoteSwiftPackageReference "SwiftUI-Introspect" */,
			);
			productRefGroup = D6538AE829265952006DCBA7 /* Products */;
			projectDirPath = "";
			projectRoot = "";
			targets = (
				D6538AE629265952006DCBA7 /* DailyDoodle */,
			);
		};
/* End PBXProject section */

/* Begin PBXResourcesBuildPhase section */
		D6538AE529265952006DCBA7 /* Resources */ = {
			isa = PBXResourcesBuildPhase;
			buildActionMask = 2147483647;
			files = (
				0B0EBFF62937A41D0059B273 /* Gemini Moon.otf in Resources */,
				0B0EC0022938E4410059B273 /* Assets.xcassets in Resources */,
				0B0EBFF52937A41A0059B273 /* Eri Serif.ttf in Resources */,
				D6A3F7072932860E00AC5331 /* Gemini Moon.otf in Resources */,
				D6B9193E2936479C0082233E /* Eri Serif.ttf in Resources */,
			);
			runOnlyForDeploymentPostprocessing = 0;
		};
/* End PBXResourcesBuildPhase section */

/* Begin PBXShellScriptBuildPhase section */
		D6538AF829265CBF006DCBA7 /* ShellScript */ = {
			isa = PBXShellScriptBuildPhase;
			alwaysOutOfDate = 1;
			buildActionMask = 2147483647;
			files = (
			);
			inputFileListPaths = (
			);
			inputPaths = (
			);
			outputFileListPaths = (
			);
			outputPaths = (
			);
			runOnlyForDeploymentPostprocessing = 0;
			shellPath = /bin/sh;
			shellScript = "export PATH=\"$PATH:/opt/homebrew/bin\"\nif which swiftlint > /dev/null; then\n  swiftlint DailyDoodle/*\nelse\n  echo \"warning: SwiftLint not installed, download from https://github.com/realm/SwiftLint\"\nfi\n";
		};
/* End PBXShellScriptBuildPhase section */

/* Begin PBXSourcesBuildPhase section */
		D6538AE329265952006DCBA7 /* Sources */ = {
			isa = PBXSourcesBuildPhase;
			buildActionMask = 2147483647;
			files = (
				0B0EBFEB293631020059B273 /* ReferenceImage.swift in Sources */,
				0B0EBFE3293104A40059B273 /* DateHelper.swift in Sources */,
				0B0EBFE6293109210059B273 /* TodayChallengeSheet.swift in Sources */,
				D97C4A5C292E3E0400192923 /* CustomShape.swift in Sources */,
				D6538AED29265952006DCBA7 /* ContentView.swift in Sources */,
				D6E0355F2937A5490061C6AE /* FullPictureView.swift in Sources */,
				D97C4A5A292E3DF000192923 /* TabBarView.swift in Sources */,
				D63ADF7D2930FD2D000CCE19 /* CloudKitUser.swift in Sources */,
				D97936292930E7610062BCE1 /* Protocol.swift in Sources */,
				D6A3F70B2932916900AC5331 /* InfiniteCarrousel.swift in Sources */,
				D6E0355B2937A3780061C6AE /* ImageFull.swift in Sources */,
				D97C4A54292E3D1800192923 /* UserViewController.swift in Sources */,
				D6A3F70D293291B000AC5331 /* GeminiTitle.swift in Sources */,
				D63ADF7B2930FD1F000CCE19 /* CloudKitCrud.swift in Sources */,
				D97C4A50292E3CFA00192923 /* MapViewController.swift in Sources */,
				D97936272930E7570062BCE1 /* UserController.swift in Sources */,
				D979363129312ACB0062BCE1 /* SaveButton.swift in Sources */,
				0B0EBFEE29364A9C0059B273 /* CustomButton.swift in Sources */,
				D9A172FA2932DBE9000B3DFF /* CloseButton.swift in Sources */,
				0B0EBFDF2930F8BA0059B273 /* LevelMap.swift in Sources */,
				0B0EBFE12930F8C70059B273 /* LevelView.swift in Sources */,
				D97C4A4E292E3CEE00192923 /* MapView.swift in Sources */,
				0D8F56C42930FFB0005C1672 /* Colors.swift in Sources */,
				0B0EBFF129364E920059B273 /* ImagePicker.swift in Sources */,
				D979362F2931282E0062BCE1 /* OtherButton.swift in Sources */,
				D97C4A4E292E3CEE00192923 /* MapView.swift in Sources */,
				D6A3F71E2932A12600AC5331 /* GalleryView.swift in Sources */,
				D6E0355D2937A5300061C6AE /* ZoomableScrollView.swift in Sources */,
				D6538AEB29265952006DCBA7 /* DailyDoodleApp.swift in Sources */,
				D6A3F7062932827300AC5331 /* BookModel.swift in Sources */,
				0D8F56C22930E9FC005C1672 /* DrawView.swift in Sources */,
				D6A3F718293296EE00AC5331 /* IsometricView.swift in Sources */,
				D6B9194029364DD60082233E /* GalleryDetailView.swift in Sources */,
				D97C4A52292E3D0B00192923 /* UserView.swift in Sources */,
				0D8F56C7293629F5005C1672 /* ShareButton.swift in Sources */,
				D91D8B4B292FB0CA000B1379 /* FontsManager.swift in Sources */,
				0D8F56C02930E9D0005C1672 /* CanvasView.swift in Sources */,
				D9A172F82932DB73000B3DFF /* UndoButton.swift in Sources */,
			);
			runOnlyForDeploymentPostprocessing = 0;
		};
/* End PBXSourcesBuildPhase section */

/* Begin XCBuildConfiguration section */
		D6538AF329265954006DCBA7 /* Debug */ = {
			isa = XCBuildConfiguration;
			buildSettings = {
				ALWAYS_SEARCH_USER_PATHS = NO;
				CLANG_ANALYZER_NONNULL = YES;
				CLANG_ANALYZER_NUMBER_OBJECT_CONVERSION = YES_AGGRESSIVE;
				CLANG_CXX_LANGUAGE_STANDARD = "gnu++20";
				CLANG_ENABLE_MODULES = YES;
				CLANG_ENABLE_OBJC_ARC = YES;
				CLANG_ENABLE_OBJC_WEAK = YES;
				CLANG_WARN_BLOCK_CAPTURE_AUTORELEASING = YES;
				CLANG_WARN_BOOL_CONVERSION = YES;
				CLANG_WARN_COMMA = YES;
				CLANG_WARN_CONSTANT_CONVERSION = YES;
				CLANG_WARN_DEPRECATED_OBJC_IMPLEMENTATIONS = YES;
				CLANG_WARN_DIRECT_OBJC_ISA_USAGE = YES_ERROR;
				CLANG_WARN_DOCUMENTATION_COMMENTS = YES;
				CLANG_WARN_EMPTY_BODY = YES;
				CLANG_WARN_ENUM_CONVERSION = YES;
				CLANG_WARN_INFINITE_RECURSION = YES;
				CLANG_WARN_INT_CONVERSION = YES;
				CLANG_WARN_NON_LITERAL_NULL_CONVERSION = YES;
				CLANG_WARN_OBJC_IMPLICIT_RETAIN_SELF = YES;
				CLANG_WARN_OBJC_LITERAL_CONVERSION = YES;
				CLANG_WARN_OBJC_ROOT_CLASS = YES_ERROR;
				CLANG_WARN_QUOTED_INCLUDE_IN_FRAMEWORK_HEADER = YES;
				CLANG_WARN_RANGE_LOOP_ANALYSIS = YES;
				CLANG_WARN_STRICT_PROTOTYPES = YES;
				CLANG_WARN_SUSPICIOUS_MOVE = YES;
				CLANG_WARN_UNGUARDED_AVAILABILITY = YES_AGGRESSIVE;
				CLANG_WARN_UNREACHABLE_CODE = YES;
				CLANG_WARN__DUPLICATE_METHOD_MATCH = YES;
				COPY_PHASE_STRIP = NO;
				DEBUG_INFORMATION_FORMAT = dwarf;
				ENABLE_STRICT_OBJC_MSGSEND = YES;
				ENABLE_TESTABILITY = YES;
				GCC_C_LANGUAGE_STANDARD = gnu11;
				GCC_DYNAMIC_NO_PIC = NO;
				GCC_NO_COMMON_BLOCKS = YES;
				GCC_OPTIMIZATION_LEVEL = 0;
				GCC_PREPROCESSOR_DEFINITIONS = (
					"DEBUG=1",
					"$(inherited)",
				);
				GCC_WARN_64_TO_32_BIT_CONVERSION = YES;
				GCC_WARN_ABOUT_RETURN_TYPE = YES_ERROR;
				GCC_WARN_UNDECLARED_SELECTOR = YES;
				GCC_WARN_UNINITIALIZED_AUTOS = YES_AGGRESSIVE;
				GCC_WARN_UNUSED_FUNCTION = YES;
				GCC_WARN_UNUSED_VARIABLE = YES;
				IPHONEOS_DEPLOYMENT_TARGET = 16.1;
				MTL_ENABLE_DEBUG_INFO = INCLUDE_SOURCE;
				MTL_FAST_MATH = YES;
				ONLY_ACTIVE_ARCH = YES;
				SDKROOT = iphoneos;
				SWIFT_ACTIVE_COMPILATION_CONDITIONS = DEBUG;
				SWIFT_OPTIMIZATION_LEVEL = "-Onone";
			};
			name = Debug;
		};
		D6538AF429265954006DCBA7 /* Release */ = {
			isa = XCBuildConfiguration;
			buildSettings = {
				ALWAYS_SEARCH_USER_PATHS = NO;
				CLANG_ANALYZER_NONNULL = YES;
				CLANG_ANALYZER_NUMBER_OBJECT_CONVERSION = YES_AGGRESSIVE;
				CLANG_CXX_LANGUAGE_STANDARD = "gnu++20";
				CLANG_ENABLE_MODULES = YES;
				CLANG_ENABLE_OBJC_ARC = YES;
				CLANG_ENABLE_OBJC_WEAK = YES;
				CLANG_WARN_BLOCK_CAPTURE_AUTORELEASING = YES;
				CLANG_WARN_BOOL_CONVERSION = YES;
				CLANG_WARN_COMMA = YES;
				CLANG_WARN_CONSTANT_CONVERSION = YES;
				CLANG_WARN_DEPRECATED_OBJC_IMPLEMENTATIONS = YES;
				CLANG_WARN_DIRECT_OBJC_ISA_USAGE = YES_ERROR;
				CLANG_WARN_DOCUMENTATION_COMMENTS = YES;
				CLANG_WARN_EMPTY_BODY = YES;
				CLANG_WARN_ENUM_CONVERSION = YES;
				CLANG_WARN_INFINITE_RECURSION = YES;
				CLANG_WARN_INT_CONVERSION = YES;
				CLANG_WARN_NON_LITERAL_NULL_CONVERSION = YES;
				CLANG_WARN_OBJC_IMPLICIT_RETAIN_SELF = YES;
				CLANG_WARN_OBJC_LITERAL_CONVERSION = YES;
				CLANG_WARN_OBJC_ROOT_CLASS = YES_ERROR;
				CLANG_WARN_QUOTED_INCLUDE_IN_FRAMEWORK_HEADER = YES;
				CLANG_WARN_RANGE_LOOP_ANALYSIS = YES;
				CLANG_WARN_STRICT_PROTOTYPES = YES;
				CLANG_WARN_SUSPICIOUS_MOVE = YES;
				CLANG_WARN_UNGUARDED_AVAILABILITY = YES_AGGRESSIVE;
				CLANG_WARN_UNREACHABLE_CODE = YES;
				CLANG_WARN__DUPLICATE_METHOD_MATCH = YES;
				COPY_PHASE_STRIP = NO;
				DEBUG_INFORMATION_FORMAT = "dwarf-with-dsym";
				ENABLE_NS_ASSERTIONS = NO;
				ENABLE_STRICT_OBJC_MSGSEND = YES;
				GCC_C_LANGUAGE_STANDARD = gnu11;
				GCC_NO_COMMON_BLOCKS = YES;
				GCC_WARN_64_TO_32_BIT_CONVERSION = YES;
				GCC_WARN_ABOUT_RETURN_TYPE = YES_ERROR;
				GCC_WARN_UNDECLARED_SELECTOR = YES;
				GCC_WARN_UNINITIALIZED_AUTOS = YES_AGGRESSIVE;
				GCC_WARN_UNUSED_FUNCTION = YES;
				GCC_WARN_UNUSED_VARIABLE = YES;
				IPHONEOS_DEPLOYMENT_TARGET = 16.1;
				MTL_ENABLE_DEBUG_INFO = NO;
				MTL_FAST_MATH = YES;
				SDKROOT = iphoneos;
				SWIFT_COMPILATION_MODE = wholemodule;
				SWIFT_OPTIMIZATION_LEVEL = "-O";
				VALIDATE_PRODUCT = YES;
			};
			name = Release;
		};
		D6538AF629265954006DCBA7 /* Debug */ = {
			isa = XCBuildConfiguration;
			buildSettings = {
				ASSETCATALOG_COMPILER_APPICON_NAME = AppIcon;
				ASSETCATALOG_COMPILER_GLOBAL_ACCENT_COLOR_NAME = AccentColor;
				CODE_SIGN_ENTITLEMENTS = DailyDoodle/DailyDoodle.entitlements;
				CODE_SIGN_STYLE = Automatic;
				CURRENT_PROJECT_VERSION = 1;
				DEVELOPMENT_ASSET_PATHS = "";
				DEVELOPMENT_TEAM = QW8X8R78UC;
				ENABLE_PREVIEWS = YES;
				GENERATE_INFOPLIST_FILE = YES;
				INFOPLIST_FILE = DailyDoodle/Info.plist;
				INFOPLIST_KEY_NSFaceIDUsageDescription = "";
				INFOPLIST_KEY_NSPhotoLibraryUsageDescription = "";
				INFOPLIST_KEY_UIApplicationSceneManifest_Generation = YES;
				INFOPLIST_KEY_UIApplicationSupportsIndirectInputEvents = YES;
				INFOPLIST_KEY_UILaunchScreen_Generation = YES;
				INFOPLIST_KEY_UISupportedInterfaceOrientations_iPad = "UIInterfaceOrientationPortrait UIInterfaceOrientationPortraitUpsideDown UIInterfaceOrientationLandscapeLeft UIInterfaceOrientationLandscapeRight";
				INFOPLIST_KEY_UISupportedInterfaceOrientations_iPhone = "UIInterfaceOrientationPortrait UIInterfaceOrientationLandscapeLeft UIInterfaceOrientationLandscapeRight";
				IPHONEOS_DEPLOYMENT_TARGET = 15.0;
				LD_RUNPATH_SEARCH_PATHS = (
					"$(inherited)",
					"@executable_path/Frameworks",
				);
				MARKETING_VERSION = 0.1.0;
				PRODUCT_BUNDLE_IDENTIFIER = DD.CloudKitPOC;
				PRODUCT_NAME = "$(TARGET_NAME)";
				SWIFT_EMIT_LOC_STRINGS = YES;
				SWIFT_VERSION = 5.0;
				TARGETED_DEVICE_FAMILY = "1,2";
			};
			name = Debug;
		};
		D6538AF729265954006DCBA7 /* Release */ = {
			isa = XCBuildConfiguration;
			buildSettings = {
				ASSETCATALOG_COMPILER_APPICON_NAME = AppIcon;
				ASSETCATALOG_COMPILER_GLOBAL_ACCENT_COLOR_NAME = AccentColor;
				CODE_SIGN_ENTITLEMENTS = DailyDoodle/DailyDoodle.entitlements;
				CODE_SIGN_STYLE = Automatic;
				CURRENT_PROJECT_VERSION = 1;
				DEVELOPMENT_ASSET_PATHS = "";
				DEVELOPMENT_TEAM = QW8X8R78UC;
				ENABLE_PREVIEWS = YES;
				GENERATE_INFOPLIST_FILE = YES;
				INFOPLIST_FILE = DailyDoodle/Info.plist;
				INFOPLIST_KEY_NSFaceIDUsageDescription = "";
				INFOPLIST_KEY_NSPhotoLibraryUsageDescription = "";
				INFOPLIST_KEY_UIApplicationSceneManifest_Generation = YES;
				INFOPLIST_KEY_UIApplicationSupportsIndirectInputEvents = YES;
				INFOPLIST_KEY_UILaunchScreen_Generation = YES;
				INFOPLIST_KEY_UISupportedInterfaceOrientations_iPad = "UIInterfaceOrientationPortrait UIInterfaceOrientationPortraitUpsideDown UIInterfaceOrientationLandscapeLeft UIInterfaceOrientationLandscapeRight";
				INFOPLIST_KEY_UISupportedInterfaceOrientations_iPhone = "UIInterfaceOrientationPortrait UIInterfaceOrientationLandscapeLeft UIInterfaceOrientationLandscapeRight";
				IPHONEOS_DEPLOYMENT_TARGET = 15.0;
				LD_RUNPATH_SEARCH_PATHS = (
					"$(inherited)",
					"@executable_path/Frameworks",
				);
				MARKETING_VERSION = 0.1.0;
				PRODUCT_BUNDLE_IDENTIFIER = DD.CloudKitPOC;
				PRODUCT_NAME = "$(TARGET_NAME)";
				SWIFT_EMIT_LOC_STRINGS = YES;
				SWIFT_VERSION = 5.0;
				TARGETED_DEVICE_FAMILY = "1,2";
			};
			name = Release;
		};
/* End XCBuildConfiguration section */

/* Begin XCConfigurationList section */
		D6538AE229265952006DCBA7 /* Build configuration list for PBXProject "DailyDoodle" */ = {
			isa = XCConfigurationList;
			buildConfigurations = (
				D6538AF329265954006DCBA7 /* Debug */,
				D6538AF429265954006DCBA7 /* Release */,
			);
			defaultConfigurationIsVisible = 0;
			defaultConfigurationName = Release;
		};
		D6538AF529265954006DCBA7 /* Build configuration list for PBXNativeTarget "DailyDoodle" */ = {
			isa = XCConfigurationList;
			buildConfigurations = (
				D6538AF629265954006DCBA7 /* Debug */,
				D6538AF729265954006DCBA7 /* Release */,
			);
			defaultConfigurationIsVisible = 0;
			defaultConfigurationName = Release;
		};
/* End XCConfigurationList section */

/* Begin XCRemoteSwiftPackageReference section */
		0B0EBFF2293790C70059B273 /* XCRemoteSwiftPackageReference "SwiftUI-Introspect" */ = {
			isa = XCRemoteSwiftPackageReference;
			repositoryURL = "https://github.com/siteline/SwiftUI-Introspect.git";
			requirement = {
				kind = upToNextMajorVersion;
				minimumVersion = 0.1.4;
			};
		};
/* End XCRemoteSwiftPackageReference section */

/* Begin XCSwiftPackageProductDependency section */
		0B0EBFF3293790C70059B273 /* Introspect */ = {
			isa = XCSwiftPackageProductDependency;
			package = 0B0EBFF2293790C70059B273 /* XCRemoteSwiftPackageReference "SwiftUI-Introspect" */;
			productName = Introspect;
		};
/* End XCSwiftPackageProductDependency section */
	};
	rootObject = D6538ADF29265952006DCBA7 /* Project object */;
}
